Microsoft Visual Studio Solution File, Format Version 11.00
# Visual Studio 2008

Project("{731D05DC-E186-4B5D-D36F-1F49F3E709F8}") = "Shoot Jumpers", "Assembly-CSharp-firstpass.csproj", "{555FC5E9-9A51-8877-5F58-69A4DADA9213}"
EndProject
Project("{731D05DC-E186-4B5D-D36F-1F49F3E709F8}") = "Shoot Jumpers", "Assembly-CSharp.csproj", "{142777B3-8ACD-6C60-0E43-21B7DB77751E}"
EndProject
Project("{731D05DC-E186-4B5D-D36F-1F49F3E709F8}") = "Shoot Jumpers", "Assembly-CSharp-Editor.csproj", "{8BF3AE61-CE23-017B-A37A-08C818BE6F62}"
EndProject
Global
	GlobalSection(SolutionConfigurationPlatforms) = preSolution
		Debug|Any CPU = Debug|Any CPU
		Release|Any CPU = Release|Any CPU
	EndGlobalSection
	GlobalSection(ProjectConfigurationPlatforms) = postSolution
		{555FC5E9-9A51-8877-5F58-69A4DADA9213}.Debug|Any CPU.ActiveCfg = Debug|Any CPU
		{555FC5E9-9A51-8877-5F58-69A4DADA9213}.Debug|Any CPU.Build.0 = Debug|Any CPU
		{555FC5E9-9A51-8877-5F58-69A4DADA9213}.Release|Any CPU.ActiveCfg = Release|Any CPU
		{555FC5E9-9A51-8877-5F58-69A4DADA9213}.Release|Any CPU.Build.0 = Release|Any CPU
		{142777B3-8ACD-6C60-0E43-21B7DB77751E}.Debug|Any CPU.ActiveCfg = Debug|Any CPU
		{142777B3-8ACD-6C60-0E43-21B7DB77751E}.Debug|Any CPU.Build.0 = Debug|Any CPU
		{142777B3-8ACD-6C60-0E43-21B7DB77751E}.Release|Any CPU.ActiveCfg = Release|Any CPU
		{142777B3-8ACD-6C60-0E43-21B7DB77751E}.Release|Any CPU.Build.0 = Release|Any CPU
		{8BF3AE61-CE23-017B-A37A-08C818BE6F62}.Debug|Any CPU.ActiveCfg = Debug|Any CPU
		{8BF3AE61-CE23-017B-A37A-08C818BE6F62}.Debug|Any CPU.Build.0 = Debug|Any CPU
		{8BF3AE61-CE23-017B-A37A-08C818BE6F62}.Release|Any CPU.ActiveCfg = Release|Any CPU
		{8BF3AE61-CE23-017B-A37A-08C818BE6F62}.Release|Any CPU.Build.0 = Release|Any CPU
	EndGlobalSection
	GlobalSection(SolutionProperties) = preSolution
		HideSolutionNode = FALSE
	EndGlobalSection
																																																								GlobalSection(MonoDevelopProperties) = preSolution
		StartupItem = Assembly-CSharp.csproj
		Policies = $0
		$0.TextStylePolicy = $1
		$1.inheritsSet = null
		$1.scope = text/x-csharp
		$0.CSharpFormattingPolicy = $2
		$2.inheritsSet = Mono
		$2.inheritsScope = text/x-csharp
		$2.scope = text/x-csharp
		$0.TextStylePolicy = $3
		$3.FileWidth = 120
		$3.TabWidth = 4
		$3.IndentWidth = 4
		$3.EolMarker = Unix
		$3.inheritsSet = Mono
		$3.inheritsScope = text/plain
		$3.scope = text/plain
	EndGlobalSection

EndGlobal
